
Microsoft Visual Studio Solution File, Format Version 12.00
Project("{FAE04EC0-301F-11D3-BF4B-00C04F79EFBC}") = "FloatExtensions", "FloatExtensions\FloatExtensions.csproj", "{80F911FB-F7E8-49F8-A355-FDB4929204B1}"
EndProject
Project("{FAE04EC0-301F-11D3-BF4B-00C04F79EFBC}") = "FloatExtensionsTest", "FloatExtensionsTest\FloatExtensionsTest.csproj", "{B9C94F74-4C7B-46A0-B785-37DF83D0AF6A}"
EndProject
Project("{2150E333-8FDC-42A3-9474-1A3956D46DE8}") = "lab-1", "lab-1", "{4948BD3D-7C34-4B14-9FD8-28B1A1F87380}"
EndProject
Project("{FAE04EC0-301F-11D3-BF4B-00C04F79EFBC}") = "TaskQueue", "TaskQueue\TaskQueue.csproj", "{C5BD0926-B25A-41D8-906A-ACBE28D88830}"
EndProject
Project("{2150E333-8FDC-42A3-9474-1A3956D46DE8}") = "lab-2", "lab-2", "{9E915AE8-677B-4D3A-91D9-2B98923073E5}"
EndProject
Project("{2150E333-8FDC-42A3-9474-1A3956D46DE8}") = "lab-4", "lab-4", "{76C61770-E809-46DC-A74F-7C12249B770C}"
EndProject
Project("{FAE04EC0-301F-11D3-BF4B-00C04F79EFBC}") = "CoolLogger", "CoolLogger\CoolLogger.csproj", "{C769FD4A-FBAF-45EC-8E8C-D0A7B77A6590}"
EndProject
Project("{FAE04EC0-301F-11D3-BF4B-00C04F79EFBC}") = "TaskQueueTest", "TaskQueueTest\TaskQueueTest.csproj", "{DBFFB6CA-44B8-4C5A-B4E8-58E7820FEED3}"
EndProject
Global
	GlobalSection(SolutionConfigurationPlatforms) = preSolution
		Debug|Any CPU = Debug|Any CPU
		Release|Any CPU = Release|Any CPU
	EndGlobalSection
	GlobalSection(ProjectConfigurationPlatforms) = postSolution
		{80F911FB-F7E8-49F8-A355-FDB4929204B1}.Debug|Any CPU.ActiveCfg = Debug|Any CPU
		{80F911FB-F7E8-49F8-A355-FDB4929204B1}.Debug|Any CPU.Build.0 = Debug|Any CPU
		{80F911FB-F7E8-49F8-A355-FDB4929204B1}.Release|Any CPU.ActiveCfg = Release|Any CPU
		{80F911FB-F7E8-49F8-A355-FDB4929204B1}.Release|Any CPU.Build.0 = Release|Any CPU
		{B9C94F74-4C7B-46A0-B785-37DF83D0AF6A}.Debug|Any CPU.ActiveCfg = Debug|Any CPU
		{B9C94F74-4C7B-46A0-B785-37DF83D0AF6A}.Debug|Any CPU.Build.0 = Debug|Any CPU
		{B9C94F74-4C7B-46A0-B785-37DF83D0AF6A}.Release|Any CPU.ActiveCfg = Release|Any CPU
		{B9C94F74-4C7B-46A0-B785-37DF83D0AF6A}.Release|Any CPU.Build.0 = Release|Any CPU
		{C5BD0926-B25A-41D8-906A-ACBE28D88830}.Debug|Any CPU.ActiveCfg = Debug|Any CPU
		{C5BD0926-B25A-41D8-906A-ACBE28D88830}.Debug|Any CPU.Build.0 = Debug|Any CPU
		{C5BD0926-B25A-41D8-906A-ACBE28D88830}.Release|Any CPU.ActiveCfg = Release|Any CPU
		{C5BD0926-B25A-41D8-906A-ACBE28D88830}.Release|Any CPU.Build.0 = Release|Any CPU
		{C769FD4A-FBAF-45EC-8E8C-D0A7B77A6590}.Debug|Any CPU.ActiveCfg = Debug|Any CPU
		{C769FD4A-FBAF-45EC-8E8C-D0A7B77A6590}.Debug|Any CPU.Build.0 = Debug|Any CPU
		{C769FD4A-FBAF-45EC-8E8C-D0A7B77A6590}.Release|Any CPU.ActiveCfg = Release|Any CPU
		{C769FD4A-FBAF-45EC-8E8C-D0A7B77A6590}.Release|Any CPU.Build.0 = Release|Any CPU
		{DBFFB6CA-44B8-4C5A-B4E8-58E7820FEED3}.Debug|Any CPU.ActiveCfg = Debug|Any CPU
		{DBFFB6CA-44B8-4C5A-B4E8-58E7820FEED3}.Debug|Any CPU.Build.0 = Debug|Any CPU
		{DBFFB6CA-44B8-4C5A-B4E8-58E7820FEED3}.Release|Any CPU.ActiveCfg = Release|Any CPU
		{DBFFB6CA-44B8-4C5A-B4E8-58E7820FEED3}.Release|Any CPU.Build.0 = Release|Any CPU
	EndGlobalSection
	GlobalSection(NestedProjects) = preSolution
		{80F911FB-F7E8-49F8-A355-FDB4929204B1} = {4948BD3D-7C34-4B14-9FD8-28B1A1F87380}
		{B9C94F74-4C7B-46A0-B785-37DF83D0AF6A} = {4948BD3D-7C34-4B14-9FD8-28B1A1F87380}
		{C5BD0926-B25A-41D8-906A-ACBE28D88830} = {9E915AE8-677B-4D3A-91D9-2B98923073E5}
		{C769FD4A-FBAF-45EC-8E8C-D0A7B77A6590} = {76C61770-E809-46DC-A74F-7C12249B770C}
		{DBFFB6CA-44B8-4C5A-B4E8-58E7820FEED3} = {9E915AE8-677B-4D3A-91D9-2B98923073E5}
	EndGlobalSection
EndGlobal
